
Microsoft Visual Studio Solution File, Format Version 12.00
# Visual Studio Version 17
VisualStudioVersion = 17.14.36603.0
MinimumVisualStudioVersion = 10.0.40219.1
Project("{FAE04EC0-301F-11D3-BF4B-00C04F79EFBC}") = "Scheduling", "Scheduling\Scheduling.csproj", "{3A645C70-17A9-4D07-85C1-17653645DB62}"
EndProject
Project("{FAE04EC0-301F-11D3-BF4B-00C04F79EFBC}") = "Shopping", "Shopping\Shopping.csproj", "{3CA5C3DE-8CF7-4E57-BB8C-A6DE6DEBF0D3}"
EndProject
Global
	GlobalSection(SolutionConfigurationPlatforms) = preSolution
		Debug|Any CPU = Debug|Any CPU
		Release|Any CPU = Release|Any CPU
	EndGlobalSection
	GlobalSection(ProjectConfigurationPlatforms) = postSolution
		{3A645C70-17A9-4D07-85C1-17653645DB62}.Debug|Any CPU.ActiveCfg = Debug|Any CPU
		{3A645C70-17A9-4D07-85C1-17653645DB62}.Debug|Any CPU.Build.0 = Debug|Any CPU
		{3A645C70-17A9-4D07-85C1-17653645DB62}.Release|Any CPU.ActiveCfg = Release|Any CPU
		{3A645C70-17A9-4D07-85C1-17653645DB62}.Release|Any CPU.Build.0 = Release|Any CPU
		{3CA5C3DE-8CF7-4E57-BB8C-A6DE6DEBF0D3}.Debug|Any CPU.ActiveCfg = Debug|Any CPU
		{3CA5C3DE-8CF7-4E57-BB8C-A6DE6DEBF0D3}.Debug|Any CPU.Build.0 = Debug|Any CPU
		{3CA5C3DE-8CF7-4E57-BB8C-A6DE6DEBF0D3}.Release|Any CPU.ActiveCfg = Release|Any CPU
		{3CA5C3DE-8CF7-4E57-BB8C-A6DE6DEBF0D3}.Release|Any CPU.Build.0 = Release|Any CPU
	EndGlobalSection
	GlobalSection(SolutionProperties) = preSolution
		HideSolutionNode = FALSE
	EndGlobalSection
	GlobalSection(ExtensibilityGlobals) = postSolution
		SolutionGuid = {C5E53E6C-2995-4B61-936B-C90A43771720}
	EndGlobalSection
EndGlobal
